Microsoft Visual Studio Solution File, Format Version 11.00
# Visual Studio 2008

Project("{9746420A-040A-4FEC-A33E-43E497F2303B}") = "vrdemo", "Assembly-CSharp.csproj", "{65A20CFC-FA24-ADEA-7AD4-11ACCB2DE45D}"
EndProject
Project("{9746420A-040A-4FEC-A33E-43E497F2303B}") = "vrdemo", "Assembly-CSharp-Editor.csproj", "{BD5AB1F0-F2D3-7C2C-3029-0D01262437D1}"
EndProject
Global
	GlobalSection(SolutionConfigurationPlatforms) = preSolution
		Debug|Any CPU = Debug|Any CPU
		Release|Any CPU = Release|Any CPU
	EndGlobalSection
	GlobalSection(ProjectConfigurationPlatforms) = postSolution
		{65A20CFC-FA24-ADEA-7AD4-11ACCB2DE45D}.Debug|Any CPU.ActiveCfg = Debug|Any CPU
		{65A20CFC-FA24-ADEA-7AD4-11ACCB2DE45D}.Debug|Any CPU.Build.0 = Debug|Any CPU
		{65A20CFC-FA24-ADEA-7AD4-11ACCB2DE45D}.Release|Any CPU.ActiveCfg = Release|Any CPU
		{65A20CFC-FA24-ADEA-7AD4-11ACCB2DE45D}.Release|Any CPU.Build.0 = Release|Any CPU
		{BD5AB1F0-F2D3-7C2C-3029-0D01262437D1}.Debug|Any CPU.ActiveCfg = Debug|Any CPU
		{BD5AB1F0-F2D3-7C2C-3029-0D01262437D1}.Debug|Any CPU.Build.0 = Debug|Any CPU
		{BD5AB1F0-F2D3-7C2C-3029-0D01262437D1}.Release|Any CPU.ActiveCfg = Release|Any CPU
		{BD5AB1F0-F2D3-7C2C-3029-0D01262437D1}.Release|Any CPU.Build.0 = Release|Any CPU
	EndGlobalSection
	GlobalSection(SolutionProperties) = preSolution
		HideSolutionNode = FALSE
	EndGlobalSection
	GlobalSection(MonoDevelopProperties) = preSolution
		StartupItem = Assembly-CSharp.csproj
	EndGlobalSection
EndGlobal
